dependencies:
  espressif/esp_websocket_client:
    component_hash: 3fb288702517ef4d75bf933a115f1056ee0c2540d964f9e1d856e0bb67e1dfeb
    dependencies:
    - name: idf
      require: private
      version: '>=5.0'
    source:
      registry_url: https://components.espressif.com/
      type: service
    version: 1.7.0
  idf:
    source:
      type: idf
    version: 5.4.0
direct_dependencies:
- espressif/esp_websocket_client
manifest_hash: 6ad8695cf112e81966544fb23cad38243ab5826ec4f7835020885e130b19c7a2
target: esp32
version: 2.0.0
